
Microsoft Visual Studio Solution File, Format Version 12.00
# Visual Studio Version 17
VisualStudioVersion = 17.3.32819.101
MinimumVisualStudioVersion = 10.0.40219.1
Project("{FAE04EC0-301F-11D3-BF4B-00C04F79EFBC}") = "HabitTracker", "HabitTracker\HabitTracker.csproj", "{5E882E61-27B5-41D8-8B13-D507E38A569B}"
EndProject
Global
	GlobalSection(SolutionConfigurationPlatforms) = preSolution
		Debug|Any CPU = Debug|Any CPU
		Release|Any CPU = Release|Any CPU
	EndGlobalSection
	GlobalSection(ProjectConfigurationPlatforms) = postSolution
		{5E882E61-27B5-41D8-8B13-D507E38A569B}.Debug|Any CPU.ActiveCfg = Debug|Any CPU
		{5E882E61-27B5-41D8-8B13-D507E38A569B}.Debug|Any CPU.Build.0 = Debug|Any CPU
		{5E882E61-27B5-41D8-8B13-D507E38A569B}.Release|Any CPU.ActiveCfg = Release|Any CPU
		{5E882E61-27B5-41D8-8B13-D507E38A569B}.Release|Any CPU.Build.0 = Release|Any CPU
	EndGlobalSection
	GlobalSection(SolutionProperties) = preSolution
		HideSolutionNode = FALSE
	EndGlobalSection
	GlobalSection(ExtensibilityGlobals) = postSolution
		SolutionGuid = {C3A01DB2-7B36-4BAE-B49F-9DC546295EF3}
	EndGlobalSection
EndGlobal
